
Microsoft Visual Studio Solution File, Format Version 12.00
# Visual Studio Version 17
VisualStudioVersion = 17.1.32228.430
MinimumVisualStudioVersion = 10.0.40219.1
Project("{FAE04EC0-301F-11D3-BF4B-00C04F79EFBC}") = "vizeodevi", "vizeodevi\vizeodevi.csproj", "{36C0C0BF-369B-4FA1-95EA-32EB1E64CD93}"
EndProject
Global
	GlobalSection(SolutionConfigurationPlatforms) = preSolution
		Debug|Any CPU = Debug|Any CPU
		Release|Any CPU = Release|Any CPU
	EndGlobalSection
	GlobalSection(ProjectConfigurationPlatforms) = postSolution
		{36C0C0BF-369B-4FA1-95EA-32EB1E64CD93}.Debug|Any CPU.ActiveCfg = Debug|Any CPU
		{36C0C0BF-369B-4FA1-95EA-32EB1E64CD93}.Debug|Any CPU.Build.0 = Debug|Any CPU
		{36C0C0BF-369B-4FA1-95EA-32EB1E64CD93}.Release|Any CPU.ActiveCfg = Release|Any CPU
		{36C0C0BF-369B-4FA1-95EA-32EB1E64CD93}.Release|Any CPU.Build.0 = Release|Any CPU
	EndGlobalSection
	GlobalSection(SolutionProperties) = preSolution
		HideSolutionNode = FALSE
	EndGlobalSection
	GlobalSection(ExtensibilityGlobals) = postSolution
		SolutionGuid = {BB889643-F421-4DE0-A14E-45F3D548543E}
	EndGlobalSection
EndGlobal
